// !$*UTF8*$!
{
	archiveVersion = 1;
	classes = {
	};
	objectVersion = 46;
	objects = {

/* Begin PBXBuildFile section */
		37D163D6EA578271CFDE8DC2 /* Pods_OBCollection_Tests.framework in Frameworks */ = {isa = PBXBuildFile; fileRef = 36FE13DBD0E95D054BBE940C /* Pods_OBCollection_Tests.framework */; };
		42BF796A0A927E8154D3539D /* Pods_OBCollection_Example.framework in Frameworks */ = {isa = PBXBuildFile; fileRef = A671D33E08D31B1A48366AD2 /* Pods_OBCollection_Example.framework */; };
		6003F58E195388D20070C39A /* Foundation.framework in Frameworks */ = {isa = PBXBuildFile; fileRef = 6003F58D195388D20070C39A /* Foundation.framework */; };
		6003F590195388D20070C39A /* CoreGraphics.framework in Frameworks */ = {isa = PBXBuildFile; fileRef = 6003F58F195388D20070C39A /* CoreGraphics.framework */; };
		6003F592195388D20070C39A /* UIKit.framework in Frameworks */ = {isa = PBXBuildFile; fileRef = 6003F591195388D20070C39A /* UIKit.framework */; };
		6003F598195388D20070C39A /* InfoPlist.strings in Resources */ = {isa = PBXBuildFile; fileRef = 6003F596195388D20070C39A /* InfoPlist.strings */; };
		6003F59A195388D20070C39A /* main.m in Sources */ = {isa = PBXBuildFile; fileRef = 6003F599195388D20070C39A /* main.m */; };
		6003F59E195388D20070C39A /* OBAppDelegate.m in Sources */ = {isa = PBXBuildFile; fileRef = 6003F59D195388D20070C39A /* OBAppDelegate.m */; };
		6003F5A7195388D20070C39A /* OBViewController.m in Sources */ = {isa = PBXBuildFile; fileRef = 6003F5A6195388D20070C39A /* OBViewController.m */; };
		6003F5A9195388D20070C39A /* Images.xcassets in Resources */ = {isa = PBXBuildFile; fileRef = 6003F5A8195388D20070C39A /* Images.xcassets */; };
		6003F5B0195388D20070C39A /* XCTest.framework in Frameworks */ = {isa = PBXBuildFile; fileRef = 6003F5AF195388D20070C39A /* XCTest.framework */; };
		6003F5B1195388D20070C39A /* Foundation.framework in Frameworks */ = {isa = PBXBuildFile; fileRef = 6003F58D195388D20070C39A /* Foundation.framework */; };
		6003F5B2195388D20070C39A /* UIKit.framework in Frameworks */ = {isa = PBXBuildFile; fileRef = 6003F591195388D20070C39A /* UIKit.framework */; };
		6003F5BA195388D20070C39A /* InfoPlist.strings in Resources */ = {isa = PBXBuildFile; fileRef = 6003F5B8195388D20070C39A /* InfoPlist.strings */; };
		6003F5BC195388D20070C39A /* Tests.m in Sources */ = {isa = PBXBuildFile; fileRef = 6003F5BB195388D20070C39A /* Tests.m */; };
		71719F9F1E33DC2100824A3D /* LaunchScreen.storyboard in Resources */ = {isa = PBXBuildFile; fileRef = 71719F9D1E33DC2100824A3D /* LaunchScreen.storyboard */; };
		873B8AEB1B1F5CCA007FD442 /* Main.storyboard in Resources */ = {isa = PBXBuildFile; fileRef = 873B8AEA1B1F5CCA007FD442 /* Main.storyboard */; };
		C219B2D8261962BD00075DAA /* caton.jpeg in Resources */ = {isa = PBXBuildFile; fileRef = C219B2D7261962BD00075DAA /* caton.jpeg */; };
		C219B2E226196CAC00075DAA /* OBCatonDataPageController.m in Sources */ = {isa = PBXBuildFile; fileRef = C219B2E026196CAC00075DAA /* OBCatonDataPageController.m */; };
		C219B2E326196CAC00075DAA /* OBCatonDataPageController.xib in Resources */ = {isa = PBXBuildFile; fileRef = C219B2E126196CAC00075DAA /* OBCatonDataPageController.xib */; };
		C219B2E926197C9500075DAA /* OBWebViewCollectController.m in Sources */ = {isa = PBXBuildFile; fileRef = C219B2E726197C9500075DAA /* OBWebViewCollectController.m */; };
		C219B2EA26197C9500075DAA /* OBWebViewCollectController.xib in Resources */ = {isa = PBXBuildFile; fileRef = C219B2E826197C9500075DAA /* OBWebViewCollectController.xib */; };
		C2528C5F260ADB4200A7F811 /* OBCatonTestPageController.m in Sources */ = {isa = PBXBuildFile; fileRef = C2528C5D260ADB4200A7F811 /* OBCatonTestPageController.m */; };
		C2528C60260ADB4200A7F811 /* OBCatonTestPageController.xib in Resources */ = {isa = PBXBuildFile; fileRef = C2528C5E260ADB4200A7F811 /* OBCatonTestPageController.xib */; };
		C2528C75260C5FF700A7F811 /* OBCatonTestCell.m in Sources */ = {isa = PBXBuildFile; fileRef = C2528C73260C5FF700A7F811 /* OBCatonTestCell.m */; };
		C2528C76260C5FF700A7F811 /* OBCatonTestCell.xib in Resources */ = {isa = PBXBuildFile; fileRef = C2528C74260C5FF700A7F811 /* OBCatonTestCell.xib */; };
		C26CA7DB25B29A16002B7826 /* OBCrashCollectController.m in Sources */ = {isa = PBXBuildFile; fileRef = C26CA7D925B29A16002B7826 /* OBCrashCollectController.m */; };
		C26CA7DC25B29A16002B7826 /* OBCrashCollectController.xib in Resources */ = {isa = PBXBuildFile; fileRef = C26CA7DA25B29A16002B7826 /* OBCrashCollectController.xib */; };
		C278F10C25AB3B8E004DDAC9 /* OBPageCollectController.m in Sources */ = {isa = PBXBuildFile; fileRef = C278F10A25AB3B8E004DDAC9 /* OBPageCollectController.m */; };
		C278F10D25AB3B8E004DDAC9 /* OBPageCollectController.xib in Resources */ = {isa = PBXBuildFile; fileRef = C278F10B25AB3B8E004DDAC9 /* OBPageCollectController.xib */; };
		C278F12525AB3FFB004DDAC9 /* OBHttpCollectController.m in Sources */ = {isa = PBXBuildFile; fileRef = C278F12325AB3FFB004DDAC9 /* OBHttpCollectController.m */; };
		C278F12625AB3FFB004DDAC9 /* OBHttpCollectController.xib in Resources */ = {isa = PBXBuildFile; fileRef = C278F12425AB3FFB004DDAC9 /* OBHttpCollectController.xib */; };
		C29143FB261ED6850019FFAB /* OBJSPage.html in Resources */ = {isa = PBXBuildFile; fileRef = C29143FA261ED6850019FFAB /* OBJSPage.html */; };
		C2EA041025A9F3A5006F9B22 /* OBTabBarController.m in Sources */ = {isa = PBXBuildFile; fileRef = C2EA040F25A9F3A4006F9B22 /* OBTabBarController.m */; };
		C2EA041C25A9F3AE006F9B22 /* HomeController.m in Sources */ = {isa = PBXBuildFile; fileRef = C2EA041525A9F3AE006F9B22 /* HomeController.m */; };
		C2EA041D25A9F3AE006F9B22 /* HomeController.xib in Resources */ = {isa = PBXBuildFile; fileRef = C2EA041625A9F3AE006F9B22 /* HomeController.xib */; };
		C2EA041E25A9F3AE006F9B22 /* TestController.m in Sources */ = {isa = PBXBuildFile; fileRef = C2EA041925A9F3AE006F9B22 /* TestController.m */; };
		C2EA041F25A9F3AE006F9B22 /* TestController.xib in Resources */ = {isa = PBXBuildFile; fileRef = C2EA041A25A9F3AE006F9B22 /* TestController.xib */; };
/* End PBXBuildFile section */

/* Begin PBXContainerItemProxy section */
		6003F5B3195388D20070C39A /* PBXContainerItemProxy */ = {
			isa = PBXContainerItemProxy;
			containerPortal = 6003F582195388D10070C39A /* Project object */;
			proxyType = 1;
			remoteGlobalIDString = 6003F589195388D20070C39A;
			remoteInfo = OBCollection;
		};
/* End PBXContainerItemProxy section */

/* Begin PBXFileReference section */
		354146D4C848EC756A2D9F37 /* OBCollection.podspec */ = {isa = PBXFileReference; includeInIndex = 1; lastKnownFileType = text; name = OBCollection.podspec; path = ../OBCollection.podspec; sourceTree = "<group>"; xcLanguageSpecificationIdentifier = xcode.lang.ruby; };
		36FE13DBD0E95D054BBE940C /* Pods_OBCollection_Tests.framework */ = {isa = PBXFileReference; explicitFileType = wrapper.framework; includeInIndex = 0; path = Pods_OBCollection_Tests.framework; sourceTree = BUILT_PRODUCTS_DIR; };
		5E6BDE14EDDBD1D7977DE708 /* Pods-OBCollection_Example.debug.xcconfig */ = {isa = PBXFileReference; includeInIndex = 1; lastKnownFileType = text.xcconfig; name = "Pods-OBCollection_Example.debug.xcconfig"; path = "Target Support Files/Pods-OBCollection_Example/Pods-OBCollection_Example.debug.xcconfig"; sourceTree = "<group>"; };
		6003F58A195388D20070C39A /* OBCollection_Example.app */ = {isa = PBXFileReference; explicitFileType = wrapper.application; includeInIndex = 0; path = OBCollection_Example.app; sourceTree = BUILT_PRODUCTS_DIR; };
		6003F58D195388D20070C39A /* Foundation.framework */ = {isa = PBXFileReference; lastKnownFileType = wrapper.framework; name = Foundation.framework; path = System/Library/Frameworks/Foundation.framework; sourceTree = SDKROOT; };
		6003F58F195388D20070C39A /* CoreGraphics.framework */ = {isa = PBXFileReference; lastKnownFileType = wrapper.framework; name = CoreGraphics.framework; path = System/Library/Frameworks/CoreGraphics.framework; sourceTree = SDKROOT; };
		6003F591195388D20070C39A /* UIKit.framework */ = {isa = PBXFileReference; lastKnownFileType = wrapper.framework; name = UIKit.framework; path = System/Library/Frameworks/UIKit.framework; sourceTree = SDKROOT; };
		6003F595195388D20070C39A /* OBCollection-Info.plist */ = {isa = PBXFileReference; lastKnownFileType = text.plist.xml; path = "OBCollection-Info.plist"; sourceTree = "<group>"; };
		6003F597195388D20070C39A /* en */ = {isa = PBXFileReference; lastKnownFileType = text.plist.strings; name = en; path = en.lproj/InfoPlist.strings; sourceTree = "<group>"; };
		6003F599195388D20070C39A /* main.m */ = {isa = PBXFileReference; lastKnownFileType = sourcecode.c.objc; path = main.m; sourceTree = "<group>"; };
		6003F59B195388D20070C39A /* OBCollection-Prefix.pch */ = {isa = PBXFileReference; lastKnownFileType = sourcecode.c.h; path = "OBCollection-Prefix.pch"; sourceTree = "<group>"; };
		6003F59C195388D20070C39A /* OBAppDelegate.h */ = {isa = PBXFileReference; lastKnownFileType = sourcecode.c.h; path = OBAppDelegate.h; sourceTree = "<group>"; };
		6003F59D195388D20070C39A /* OBAppDelegate.m */ = {isa = PBXFileReference; lastKnownFileType = sourcecode.c.objc; path = OBAppDelegate.m; sourceTree = "<group>"; };
		6003F5A5195388D20070C39A /* OBViewController.h */ = {isa = PBXFileReference; lastKnownFileType = sourcecode.c.h; path = OBViewController.h; sourceTree = "<group>"; };
		6003F5A6195388D20070C39A /* OBViewController.m */ = {isa = PBXFileReference; lastKnownFileType = sourcecode.c.objc; path = OBViewController.m; sourceTree = "<group>"; };
		6003F5A8195388D20070C39A /* Images.xcassets */ = {isa = PBXFileReference; lastKnownFileType = folder.assetcatalog; path = Images.xcassets; sourceTree = "<group>"; };
		6003F5AE195388D20070C39A /* OBCollection_Tests.xctest */ = {isa = PBXFileReference; explicitFileType = wrapper.cfbundle; includeInIndex = 0; path = OBCollection_Tests.xctest; sourceTree = BUILT_PRODUCTS_DIR; };
		6003F5AF195388D20070C39A /* XCTest.framework */ = {isa = PBXFileReference; lastKnownFileType = wrapper.framework; name = XCTest.framework; path = Library/Frameworks/XCTest.framework; sourceTree = DEVELOPER_DIR; };
		6003F5B7195388D20070C39A /* Tests-Info.plist */ = {isa = PBXFileReference; lastKnownFileType = text.plist.xml; path = "Tests-Info.plist"; sourceTree = "<group>"; };
		6003F5B9195388D20070C39A /* en */ = {isa = PBXFileReference; lastKnownFileType = text.plist.strings; name = en; path = en.lproj/InfoPlist.strings; sourceTree = "<group>"; };
		6003F5BB195388D20070C39A /* Tests.m */ = {isa = PBXFileReference; lastKnownFileType = sourcecode.c.objc; path = Tests.m; sourceTree = "<group>"; };
		606FC2411953D9B200FFA9A0 /* Tests-Prefix.pch */ = {isa = PBXFileReference; lastKnownFileType = sourcecode.c.h; path = "Tests-Prefix.pch"; sourceTree = "<group>"; };
		6F6F6745A4D89F942AAE351D /* Pods-OBCollection_Tests.release.xcconfig */ = {isa = PBXFileReference; includeInIndex = 1; lastKnownFileType = text.xcconfig; name = "Pods-OBCollection_Tests.release.xcconfig"; path = "Target Support Files/Pods-OBCollection_Tests/Pods-OBCollection_Tests.release.xcconfig"; sourceTree = "<group>"; };
		71719F9E1E33DC2100824A3D /* Base */ = {isa = PBXFileReference; lastKnownFileType = file.storyboard; name = Base; path = Base.lproj/LaunchScreen.storyboard; sourceTree = "<group>"; };
		873B8AEA1B1F5CCA007FD442 /* Main.storyboard */ = {isa = PBXFileReference; fileEncoding = 4; lastKnownFileType = file.storyboard; name = Main.storyboard; path = Base.lproj/Main.storyboard; sourceTree = "<group>"; };
		A671D33E08D31B1A48366AD2 /* Pods_OBCollection_Example.framework */ = {isa = PBXFileReference; explicitFileType = wrapper.framework; includeInIndex = 0; path = Pods_OBCollection_Example.framework; sourceTree = BUILT_PRODUCTS_DIR; };
		B0A6011C4B186D1A1002CA8B /* README.md */ = {isa = PBXFileReference; includeInIndex = 1; lastKnownFileType = net.daringfireball.markdown; name = README.md; path = ../README.md; sourceTree = "<group>"; };
		C219B2D7261962BD00075DAA /* caton.jpeg */ = {isa = PBXFileReference; lastKnownFileType = image.jpeg; path = caton.jpeg; sourceTree = "<group>"; };
		C219B2DF26196CAC00075DAA /* OBCatonDataPageController.h */ = {isa = PBXFileReference; lastKnownFileType = sourcecode.c.h; path = OBCatonDataPageController.h; sourceTree = "<group>"; };
		C219B2E026196CAC00075DAA /* OBCatonDataPageController.m */ = {isa = PBXFileReference; lastKnownFileType = sourcecode.c.objc; path = OBCatonDataPageController.m; sourceTree = "<group>"; };
		C219B2E126196CAC00075DAA /* OBCatonDataPageController.xib */ = {isa = PBXFileReference; lastKnownFileType = file.xib; path = OBCatonDataPageController.xib; sourceTree = "<group>"; };
		C219B2E626197C9500075DAA /* OBWebViewCollectController.h */ = {isa = PBXFileReference; lastKnownFileType = sourcecode.c.h; path = OBWebViewCollectController.h; sourceTree = "<group>"; };
		C219B2E726197C9500075DAA /* OBWebViewCollectController.m */ = {isa = PBXFileReference; lastKnownFileType = sourcecode.c.objc; path = OBWebViewCollectController.m; sourceTree = "<group>"; };
		C219B2E826197C9500075DAA /* OBWebViewCollectController.xib */ = {isa = PBXFileReference; lastKnownFileType = file.xib; path = OBWebViewCollectController.xib; sourceTree = "<group>"; };
		C2528C5C260ADB4200A7F811 /* OBCatonTestPageController.h */ = {isa = PBXFileReference; lastKnownFileType = sourcecode.c.h; path = OBCatonTestPageController.h; sourceTree = "<group>"; };
		C2528C5D260ADB4200A7F811 /* OBCatonTestPageController.m */ = {isa = PBXFileReference; lastKnownFileType = sourcecode.c.objc; path = OBCatonTestPageController.m; sourceTree = "<group>"; };
		C2528C5E260ADB4200A7F811 /* OBCatonTestPageController.xib */ = {isa = PBXFileReference; lastKnownFileType = file.xib; path = OBCatonTestPageController.xib; sourceTree = "<group>"; };
		C2528C72260C5FF700A7F811 /* OBCatonTestCell.h */ = {isa = PBXFileReference; lastKnownFileType = sourcecode.c.h; path = OBCatonTestCell.h; sourceTree = "<group>"; };
		C2528C73260C5FF700A7F811 /* OBCatonTestCell.m */ = {isa = PBXFileReference; lastKnownFileType = sourcecode.c.objc; path = OBCatonTestCell.m; sourceTree = "<group>"; };
		C2528C74260C5FF700A7F811 /* OBCatonTestCell.xib */ = {isa = PBXFileReference; lastKnownFileType = file.xib; path = OBCatonTestCell.xib; sourceTree = "<group>"; };
		C26CA7D825B29A16002B7826 /* OBCrashCollectController.h */ = {isa = PBXFileReference; lastKnownFileType = sourcecode.c.h; path = OBCrashCollectController.h; sourceTree = "<group>"; };
		C26CA7D925B29A16002B7826 /* OBCrashCollectController.m */ = {isa = PBXFileReference; lastKnownFileType = sourcecode.c.objc; path = OBCrashCollectController.m; sourceTree = "<group>"; };
		C26CA7DA25B29A16002B7826 /* OBCrashCollectController.xib */ = {isa = PBXFileReference; lastKnownFileType = file.xib; path = OBCrashCollectController.xib; sourceTree = "<group>"; };
		C278F10925AB3B8E004DDAC9 /* OBPageCollectController.h */ = {isa = PBXFileReference; lastKnownFileType = sourcecode.c.h; path = OBPageCollectController.h; sourceTree = "<group>"; };
		C278F10A25AB3B8E004DDAC9 /* OBPageCollectController.m */ = {isa = PBXFileReference; lastKnownFileType = sourcecode.c.objc; path = OBPageCollectController.m; sourceTree = "<group>"; };
		C278F10B25AB3B8E004DDAC9 /* OBPageCollectController.xib */ = {isa = PBXFileReference; lastKnownFileType = file.xib; path = OBPageCollectController.xib; sourceTree = "<group>"; };
		C278F12225AB3FFB004DDAC9 /* OBHttpCollectController.h */ = {isa = PBXFileReference; lastKnownFileType = sourcecode.c.h; path = OBHttpCollectController.h; sourceTree = "<group>"; };
		C278F12325AB3FFB004DDAC9 /* OBHttpCollectController.m */ = {isa = PBXFileReference; lastKnownFileType = sourcecode.c.objc; path = OBHttpCollectController.m; sourceTree = "<group>"; };
		C278F12425AB3FFB004DDAC9 /* OBHttpCollectController.xib */ = {isa = PBXFileReference; lastKnownFileType = file.xib; path = OBHttpCollectController.xib; sourceTree = "<group>"; };
		C29143FA261ED6850019FFAB /* OBJSPage.html */ = {isa = PBXFileReference; fileEncoding = 4; lastKnownFileType = text.html; path = OBJSPage.html; sourceTree = "<group>"; };
		C2EA040E25A9F3A4006F9B22 /* OBTabBarController.h */ = {isa = PBXFileReference; fileEncoding = 4; lastKnownFileType = sourcecode.c.h; path = OBTabBarController.h; sourceTree = "<group>"; };
		C2EA040F25A9F3A4006F9B22 /* OBTabBarController.m */ = {isa = PBXFileReference; fileEncoding = 4; lastKnownFileType = sourcecode.c.objc; path = OBTabBarController.m; sourceTree = "<group>"; };
		C2EA041525A9F3AE006F9B22 /* HomeController.m */ = {isa = PBXFileReference; fileEncoding = 4; lastKnownFileType = sourcecode.c.objc; path = HomeController.m; sourceTree = "<group>"; };
		C2EA041625A9F3AE006F9B22 /* HomeController.xib */ = {isa = PBXFileReference; fileEncoding = 4; lastKnownFileType = file.xib; path = HomeController.xib; sourceTree = "<group>"; };
		C2EA041725A9F3AE006F9B22 /* HomeController.h */ = {isa = PBXFileReference; fileEncoding = 4; lastKnownFileType = sourcecode.c.h; path = HomeController.h; sourceTree = "<group>"; };
		C2EA041925A9F3AE006F9B22 /* TestController.m */ = {isa = PBXFileReference; fileEncoding = 4; lastKnownFileType = sourcecode.c.objc; path = TestController.m; sourceTree = "<group>"; };
		C2EA041A25A9F3AE006F9B22 /* TestController.xib */ = {isa = PBXFileReference; fileEncoding = 4; lastKnownFileType = file.xib; path = TestController.xib; sourceTree = "<group>"; };
		C2EA041B25A9F3AE006F9B22 /* TestController.h */ = {isa = PBXFileReference; fileEncoding = 4; lastKnownFileType = sourcecode.c.h; path = TestController.h; sourceTree = "<group>"; };
		CC257491736501B1D9EA110E /* LICENSE */ = {isa = PBXFileReference; includeInIndex = 1; lastKnownFileType = text; name = LICENSE; path = ../LICENSE; sourceTree = "<group>"; };
		E6F208F4BBE603C7E086CCEE /* Pods-OBCollection_Example.release.xcconfig */ = {isa = PBXFileReference; includeInIndex = 1; lastKnownFileType = text.xcconfig; name = "Pods-OBCollection_Example.release.xcconfig"; path = "Target Support Files/Pods-OBCollection_Example/Pods-OBCollection_Example.release.xcconfig"; sourceTree = "<group>"; };
		F309D6D3194453681AC61D4C /* Pods-OBCollection_Tests.debug.xcconfig */ = {isa = PBXFileReference; includeInIndex = 1; lastKnownFileType = text.xcconfig; name = "Pods-OBCollection_Tests.debug.xcconfig"; path = "Target Support Files/Pods-OBCollection_Tests/Pods-OBCollection_Tests.debug.xcconfig"; sourceTree = "<group>"; };
/* End PBXFileReference section */

/* Begin PBXFrameworksBuildPhase section */
		6003F587195388D20070C39A /* Frameworks */ = {
			isa = PBXFrameworksBuildPhase;
			buildActionMask = 2147483647;
			files = (
				6003F590195388D20070C39A /* CoreGraphics.framework in Frameworks */,
				6003F592195388D20070C39A /* UIKit.framework in Frameworks */,
				6003F58E195388D20070C39A /* Foundation.framework in Frameworks */,
				42BF796A0A927E8154D3539D /* Pods_OBCollection_Example.framework in Frameworks */,
			);
			runOnlyForDeploymentPostprocessing = 0;
		};
		6003F5AB195388D20070C39A /* Frameworks */ = {
			isa = PBXFrameworksBuildPhase;
			buildActionMask = 2147483647;
			files = (
				6003F5B0195388D20070C39A /* XCTest.framework in Frameworks */,
				6003F5B2195388D20070C39A /* UIKit.framework in Frameworks */,
				6003F5B1195388D20070C39A /* Foundation.framework in Frameworks */,
				37D163D6EA578271CFDE8DC2 /* Pods_OBCollection_Tests.framework in Frameworks */,
			);
			runOnlyForDeploymentPostprocessing = 0;
		};
/* End PBXFrameworksBuildPhase section */

/* Begin PBXGroup section */
		6003F581195388D10070C39A = {
			isa = PBXGroup;
			children = (
				60FF7A9C1954A5C5007DD14C /* Podspec Metadata */,
				6003F593195388D20070C39A /* Example for OBCollection */,
				6003F5B5195388D20070C39A /* Tests */,
				6003F58C195388D20070C39A /* Frameworks */,
				6003F58B195388D20070C39A /* Products */,
				CA9690451FB12EED18DBB53E /* Pods */,
			);
			sourceTree = "<group>";
		};
		6003F58B195388D20070C39A /* Products */ = {
			isa = PBXGroup;
			children = (
				6003F58A195388D20070C39A /* OBCollection_Example.app */,
				6003F5AE195388D20070C39A /* OBCollection_Tests.xctest */,
			);
			name = Products;
			sourceTree = "<group>";
		};
		6003F58C195388D20070C39A /* Frameworks */ = {
			isa = PBXGroup;
			children = (
				6003F58D195388D20070C39A /* Foundation.framework */,
				6003F58F195388D20070C39A /* CoreGraphics.framework */,
				6003F591195388D20070C39A /* UIKit.framework */,
				6003F5AF195388D20070C39A /* XCTest.framework */,
				A671D33E08D31B1A48366AD2 /* Pods_OBCollection_Example.framework */,
				36FE13DBD0E95D054BBE940C /* Pods_OBCollection_Tests.framework */,
			);
			name = Frameworks;
			sourceTree = "<group>";
		};
		6003F593195388D20070C39A /* Example for OBCollection */ = {
			isa = PBXGroup;
			children = (
				C2EA041325A9F3AE006F9B22 /* OBDemoAPP */,
				6003F59C195388D20070C39A /* OBAppDelegate.h */,
				6003F59D195388D20070C39A /* OBAppDelegate.m */,
				C2EA040E25A9F3A4006F9B22 /* OBTabBarController.h */,
				C2EA040F25A9F3A4006F9B22 /* OBTabBarController.m */,
				873B8AEA1B1F5CCA007FD442 /* Main.storyboard */,
				6003F5A5195388D20070C39A /* OBViewController.h */,
				6003F5A6195388D20070C39A /* OBViewController.m */,
				71719F9D1E33DC2100824A3D /* LaunchScreen.storyboard */,
				6003F5A8195388D20070C39A /* Images.xcassets */,
				6003F594195388D20070C39A /* Supporting Files */,
			);
			name = "Example for OBCollection";
			path = OBCollection;
			sourceTree = "<group>";
		};
		6003F594195388D20070C39A /* Supporting Files */ = {
			isa = PBXGroup;
			children = (
				6003F595195388D20070C39A /* OBCollection-Info.plist */,
				6003F596195388D20070C39A /* InfoPlist.strings */,
				6003F599195388D20070C39A /* main.m */,
				6003F59B195388D20070C39A /* OBCollection-Prefix.pch */,
			);
			name = "Supporting Files";
			sourceTree = "<group>";
		};
		6003F5B5195388D20070C39A /* Tests */ = {
			isa = PBXGroup;
			children = (
				6003F5BB195388D20070C39A /* Tests.m */,
				6003F5B6195388D20070C39A /* Supporting Files */,
			);
			path = Tests;
			sourceTree = "<group>";
		};
		6003F5B6195388D20070C39A /* Supporting Files */ = {
			isa = PBXGroup;
			children = (
				6003F5B7195388D20070C39A /* Tests-Info.plist */,
				6003F5B8195388D20070C39A /* InfoPlist.strings */,
				606FC2411953D9B200FFA9A0 /* Tests-Prefix.pch */,
			);
			name = "Supporting Files";
			sourceTree = "<group>";
		};
		60FF7A9C1954A5C5007DD14C /* Podspec Metadata */ = {
			isa = PBXGroup;
			children = (
				354146D4C848EC756A2D9F37 /* OBCollection.podspec */,
				B0A6011C4B186D1A1002CA8B /* README.md */,
				CC257491736501B1D9EA110E /* LICENSE */,
			);
			name = "Podspec Metadata";
			sourceTree = "<group>";
		};
		C2EA041325A9F3AE006F9B22 /* OBDemoAPP */ = {
			isa = PBXGroup;
			children = (
				C2EA041425A9F3AE006F9B22 /* Home */,
				C2EA041825A9F3AE006F9B22 /* Test */,
			);
			path = OBDemoAPP;
			sourceTree = "<group>";
		};
		C2EA041425A9F3AE006F9B22 /* Home */ = {
			isa = PBXGroup;
			children = (
				C2EA041725A9F3AE006F9B22 /* HomeController.h */,
				C2EA041525A9F3AE006F9B22 /* HomeController.m */,
				C2EA041625A9F3AE006F9B22 /* HomeController.xib */,
			);
			path = Home;
			sourceTree = "<group>";
		};
		C2EA041825A9F3AE006F9B22 /* Test */ = {
			isa = PBXGroup;
			children = (
				C29143FA261ED6850019FFAB /* OBJSPage.html */,
				C219B2D7261962BD00075DAA /* caton.jpeg */,
				C2EA041B25A9F3AE006F9B22 /* TestController.h */,
				C2EA041925A9F3AE006F9B22 /* TestController.m */,
				C2EA041A25A9F3AE006F9B22 /* TestController.xib */,
				C278F10925AB3B8E004DDAC9 /* OBPageCollectController.h */,
				C278F10A25AB3B8E004DDAC9 /* OBPageCollectController.m */,
				C278F10B25AB3B8E004DDAC9 /* OBPageCollectController.xib */,
				C278F12225AB3FFB004DDAC9 /* OBHttpCollectController.h */,
				C278F12325AB3FFB004DDAC9 /* OBHttpCollectController.m */,
				C278F12425AB3FFB004DDAC9 /* OBHttpCollectController.xib */,
				C26CA7D825B29A16002B7826 /* OBCrashCollectController.h */,
				C26CA7D925B29A16002B7826 /* OBCrashCollectController.m */,
				C26CA7DA25B29A16002B7826 /* OBCrashCollectController.xib */,
				C2528C5C260ADB4200A7F811 /* OBCatonTestPageController.h */,
				C2528C5D260ADB4200A7F811 /* OBCatonTestPageController.m */,
				C2528C5E260ADB4200A7F811 /* OBCatonTestPageController.xib */,
				C2528C72260C5FF700A7F811 /* OBCatonTestCell.h */,
				C2528C73260C5FF700A7F811 /* OBCatonTestCell.m */,
				C2528C74260C5FF700A7F811 /* OBCatonTestCell.xib */,
				C219B2DF26196CAC00075DAA /* OBCatonDataPageController.h */,
				C219B2E026196CAC00075DAA /* OBCatonDataPageController.m */,
				C219B2E126196CAC00075DAA /* OBCatonDataPageController.xib */,
				C219B2E626197C9500075DAA /* OBWebViewCollectController.h */,
				C219B2E726197C9500075DAA /* OBWebViewCollectController.m */,
				C219B2E826197C9500075DAA /* OBWebViewCollectController.xib */,
			);
			path = Test;
			sourceTree = "<group>";
		};
		CA9690451FB12EED18DBB53E /* Pods */ = {
			isa = PBXGroup;
			children = (
				5E6BDE14EDDBD1D7977DE708 /* Pods-OBCollection_Example.debug.xcconfig */,
				E6F208F4BBE603C7E086CCEE /* Pods-OBCollection_Example.release.xcconfig */,
				F309D6D3194453681AC61D4C /* Pods-OBCollection_Tests.debug.xcconfig */,
				6F6F6745A4D89F942AAE351D /* Pods-OBCollection_Tests.release.xcconfig */,
			);
			path = Pods;
			sourceTree = "<group>";
		};
/* End PBXGroup section */

/* Begin PBXNativeTarget section */
		6003F589195388D20070C39A /* OBCollection_Example */ = {
			isa = PBXNativeTarget;
			buildConfigurationList = 6003F5BF195388D20070C39A /* Build configuration list for PBXNativeTarget "OBCollection_Example" */;
			buildPhases = (
				3E390FF179267CC9FBC103AC /* [CP] Check Pods Manifest.lock */,
				6003F586195388D20070C39A /* Sources */,
				6003F587195388D20070C39A /* Frameworks */,
				6003F588195388D20070C39A /* Resources */,
				8F8CB04E1769AE5459B8F646 /* [CP] Embed Pods Frameworks */,
			);
			buildRules = (
			);
			dependencies = (
			);
			name = OBCollection_Example;
			productName = OBCollection;
			productReference = 6003F58A195388D20070C39A /* OBCollection_Example.app */;
			productType = "com.apple.product-type.application";
		};
		6003F5AD195388D20070C39A /* OBCollection_Tests */ = {
			isa = PBXNativeTarget;
			buildConfigurationList = 6003F5C2195388D20070C39A /* Build configuration list for PBXNativeTarget "OBCollection_Tests" */;
			buildPhases = (
				D7E681ADBF13B59727E1DD86 /* [CP] Check Pods Manifest.lock */,
				6003F5AA195388D20070C39A /* Sources */,
				6003F5AB195388D20070C39A /* Frameworks */,
				6003F5AC195388D20070C39A /* Resources */,
			);
			buildRules = (
			);
			dependencies = (
				6003F5B4195388D20070C39A /* PBXTargetDependency */,
			);
			name = OBCollection_Tests;
			productName = OBCollectionTests;
			productReference = 6003F5AE195388D20070C39A /* OBCollection_Tests.xctest */;
			productType = "com.apple.product-type.bundle.unit-test";
		};
/* End PBXNativeTarget section */

/* Begin PBXProject section */
		6003F582195388D10070C39A /* Project object */ = {
			isa = PBXProject;
			attributes = {
				CLASSPREFIX = OB;
				LastUpgradeCheck = 0720;
				ORGANIZATIONNAME = "200887744@qq.com";
				TargetAttributes = {
					6003F589195388D20070C39A = {
						DevelopmentTeam = 2PAD966A4F;
					};
					6003F5AD195388D20070C39A = {
						TestTargetID = 6003F589195388D20070C39A;
					};
				};
			};
			buildConfigurationList = 6003F585195388D10070C39A /* Build configuration list for PBXProject "OBCollection" */;
			compatibilityVersion = "Xcode 3.2";
			developmentRegion = English;
			hasScannedForEncodings = 0;
			knownRegions = (
				English,
				en,
				Base,
			);
			mainGroup = 6003F581195388D10070C39A;
			productRefGroup = 6003F58B195388D20070C39A /* Products */;
			projectDirPath = "";
			projectRoot = "";
			targets = (
				6003F589195388D20070C39A /* OBCollection_Example */,
				6003F5AD195388D20070C39A /* OBCollection_Tests */,
			);
		};
/* End PBXProject section */

/* Begin PBXResourcesBuildPhase section */
		6003F588195388D20070C39A /* Resources */ = {
			isa = PBXResourcesBuildPhase;
			buildActionMask = 2147483647;
			files = (
				873B8AEB1B1F5CCA007FD442 /* Main.storyboard in Resources */,
				71719F9F1E33DC2100824A3D /* LaunchScreen.storyboard in Resources */,
				C278F10D25AB3B8E004DDAC9 /* OBPageCollectController.xib in Resources */,
				C29143FB261ED6850019FFAB /* OBJSPage.html in Resources */,
				6003F5A9195388D20070C39A /* Images.xcassets in Resources */,
				C2EA041F25A9F3AE006F9B22 /* TestController.xib in Resources */,
				C219B2E326196CAC00075DAA /* OBCatonDataPageController.xib in Resources */,
				C2EA041D25A9F3AE006F9B22 /* HomeController.xib in Resources */,
				C219B2D8261962BD00075DAA /* caton.jpeg in Resources */,
				C26CA7DC25B29A16002B7826 /* OBCrashCollectController.xib in Resources */,
				C2528C76260C5FF700A7F811 /* OBCatonTestCell.xib in Resources */,
				6003F598195388D20070C39A /* InfoPlist.strings in Resources */,
				C219B2EA26197C9500075DAA /* OBWebViewCollectController.xib in Resources */,
				C278F12625AB3FFB004DDAC9 /* OBHttpCollectController.xib in Resources */,
				C2528C60260ADB4200A7F811 /* OBCatonTestPageController.xib in Resources */,
			);
			runOnlyForDeploymentPostprocessing = 0;
		};
		6003F5AC195388D20070C39A /* Resources */ = {
			isa = PBXResourcesBuildPhase;
			buildActionMask = 2147483647;
			files = (
				6003F5BA195388D20070C39A /* InfoPlist.strings in Resources */,
			);
			runOnlyForDeploymentPostprocessing = 0;
		};
/* End PBXResourcesBuildPhase section */

/* Begin PBXShellScriptBuildPhase section */
		3E390FF179267CC9FBC103AC /* [CP] Check Pods Manifest.lock */ = {
			isa = PBXShellScriptBuildPhase;
			buildActionMask = 2147483647;
			files = (
			);
			inputFileListPaths = (
			);
			inputPaths = (
				"${PODS_PODFILE_DIR_PATH}/Podfile.lock",
				"${PODS_ROOT}/Manifest.lock",
			);
			name = "[CP] Check Pods Manifest.lock";
			outputFileListPaths = (
			);
			outputPaths = (
				"$(DERIVED_FILE_DIR)/Pods-OBCollection_Example-checkManifestLockResult.txt",
			);
			runOnlyForDeploymentPostprocessing = 0;
			shellPath = /bin/sh;
			shellScript = "diff \"${PODS_PODFILE_DIR_PATH}/Podfile.lock\" \"${PODS_ROOT}/Manifest.lock\" > /dev/null\nif [ $? != 0 ] ; then\n    # print error to STDERR\n    echo \"error: The sandbox is not in sync with the Podfile.lock. Run 'pod install' or update your CocoaPods installation.\" >&2\n    exit 1\nfi\n# This output is used by Xcode 'outputs' to avoid re-running this script phase.\necho \"SUCCESS\" > \"${SCRIPT_OUTPUT_FILE_0}\"\n";
			showEnvVarsInLog = 0;
		};
		8F8CB04E1769AE5459B8F646 /* [CP] Embed Pods Frameworks */ = {
			isa = PBXShellScriptBuildPhase;
			buildActionMask = 2147483647;
			files = (
			);
			inputPaths = (
				"${PODS_ROOT}/Target Support Files/Pods-OBCollection_Example/Pods-OBCollection_Example-frameworks.sh",
				"${BUILT_PRODUCTS_DIR}/KSCrash/KSCrash.framework",
				"${BUILT_PRODUCTS_DIR}/OBCollection/OBCollection.framework",
			);
			name = "[CP] Embed Pods Frameworks";
			outputPaths = (
				"${TARGET_BUILD_DIR}/${FRAMEWORKS_FOLDER_PATH}/KSCrash.framework",
				"${TARGET_BUILD_DIR}/${FRAMEWORKS_FOLDER_PATH}/OBCollection.framework",
			);
			runOnlyForDeploymentPostprocessing = 0;
			shellPath = /bin/sh;
			shellScript = "\"${PODS_ROOT}/Target Support Files/Pods-OBCollection_Example/Pods-OBCollection_Example-frameworks.sh\"\n";
			showEnvVarsInLog = 0;
		};
		D7E681ADBF13B59727E1DD86 /* [CP] Check Pods Manifest.lock */ = {
			isa = PBXShellScriptBuildPhase;
			buildActionMask = 2147483647;
			files = (
			);
			inputFileListPaths = (
			);
			inputPaths = (
				"${PODS_PODFILE_DIR_PATH}/Podfile.lock",
				"${PODS_ROOT}/Manifest.lock",
			);
			name = "[CP] Check Pods Manifest.lock";
			outputFileListPaths = (
			);
			outputPaths = (
				"$(DERIVED_FILE_DIR)/Pods-OBCollection_Tests-checkManifestLockResult.txt",
			);
			runOnlyForDeploymentPostprocessing = 0;
			shellPath = /bin/sh;
			shellScript = "diff \"${PODS_PODFILE_DIR_PATH}/Podfile.lock\" \"${PODS_ROOT}/Manifest.lock\" > /dev/null\nif [ $? != 0 ] ; then\n    # print error to STDERR\n    echo \"error: The sandbox is not in sync with the Podfile.lock. Run 'pod install' or update your CocoaPods installation.\" >&2\n    exit 1\nfi\n# This output is used by Xcode 'outputs' to avoid re-running this script phase.\necho \"SUCCESS\" > \"${SCRIPT_OUTPUT_FILE_0}\"\n";
			showEnvVarsInLog = 0;
		};
/* End PBXShellScriptBuildPhase section */

/* Begin PBXSourcesBuildPhase section */
		6003F586195388D20070C39A /* Sources */ = {
			isa = PBXSourcesBuildPhase;
			buildActionMask = 2147483647;
			files = (
				C2EA041025A9F3A5006F9B22 /* OBTabBarController.m in Sources */,
				C2528C5F260ADB4200A7F811 /* OBCatonTestPageController.m in Sources */,
				C2EA041E25A9F3AE006F9B22 /* TestController.m in Sources */,
				C26CA7DB25B29A16002B7826 /* OBCrashCollectController.m in Sources */,
				C2528C75260C5FF700A7F811 /* OBCatonTestCell.m in Sources */,
				6003F59E195388D20070C39A /* OBAppDelegate.m in Sources */,
				C278F10C25AB3B8E004DDAC9 /* OBPageCollectController.m in Sources */,
				C219B2E926197C9500075DAA /* OBWebViewCollectController.m in Sources */,
				6003F5A7195388D20070C39A /* OBViewController.m in Sources */,
				C2EA041C25A9F3AE006F9B22 /* HomeController.m in Sources */,
				6003F59A195388D20070C39A /* main.m in Sources */,
				C278F12525AB3FFB004DDAC9 /* OBHttpCollectController.m in Sources */,
				C219B2E226196CAC00075DAA /* OBCatonDataPageController.m in Sources */,
			);
			runOnlyForDeploymentPostprocessing = 0;
		};
		6003F5AA195388D20070C39A /* Sources */ = {
			isa = PBXSourcesBuildPhase;
			buildActionMask = 2147483647;
			files = (
				6003F5BC195388D20070C39A /* Tests.m in Sources */,
			);
			runOnlyForDeploymentPostprocessing = 0;
		};
/* End PBXSourcesBuildPhase section */

/* Begin PBXTargetDependency section */
		6003F5B4195388D20070C39A /* PBXTargetDependency */ = {
			isa = PBXTargetDependency;
			target = 6003F589195388D20070C39A /* OBCollection_Example */;
			targetProxy = 6003F5B3195388D20070C39A /* PBXContainerItemProxy */;
		};
/* End PBXTargetDependency section */

/* Begin PBXVariantGroup section */
		6003F596195388D20070C39A /* InfoPlist.strings */ = {
			isa = PBXVariantGroup;
			children = (
				6003F597195388D20070C39A /* en */,
			);
			name = InfoPlist.strings;
			sourceTree = "<group>";
		};
		6003F5B8195388D20070C39A /* InfoPlist.strings */ = {
			isa = PBXVariantGroup;
			children = (
				6003F5B9195388D20070C39A /* en */,
			);
			name = InfoPlist.strings;
			sourceTree = "<group>";
		};
		71719F9D1E33DC2100824A3D /* LaunchScreen.storyboard */ = {
			isa = PBXVariantGroup;
			children = (
				71719F9E1E33DC2100824A3D /* Base */,
			);
			name = LaunchScreen.storyboard;
			sourceTree = "<group>";
		};
/* End PBXVariantGroup section */

/* Begin XCBuildConfiguration section */
		6003F5BD195388D20070C39A /* Debug */ = {
			isa = XCBuildConfiguration;
			buildSettings = {
				ALWAYS_SEARCH_USER_PATHS = NO;
				CLANG_CXX_LANGUAGE_STANDARD = "gnu++0x";
				CLANG_CXX_LIBRARY = "libc++";
				CLANG_ENABLE_MODULES = YES;
				CLANG_ENABLE_OBJC_ARC = YES;
				CLANG_WARN_BOOL_CONVERSION = YES;
				CLANG_WARN_CONSTANT_CONVERSION = YES;
				CLANG_WARN_DIRECT_OBJC_ISA_USAGE = YES_ERROR;
				CLANG_WARN_EMPTY_BODY = YES;
				CLANG_WARN_ENUM_CONVERSION = YES;
				CLANG_WARN_INT_CONVERSION = YES;
				CLANG_WARN_OBJC_ROOT_CLASS = YES_ERROR;
				CLANG_WARN__DUPLICATE_METHOD_MATCH = YES;
				"CODE_SIGN_IDENTITY[sdk=iphoneos*]" = "iPhone Developer";
				COPY_PHASE_STRIP = NO;
				ENABLE_TESTABILITY = YES;
				GCC_C_LANGUAGE_STANDARD = gnu99;
				GCC_DYNAMIC_NO_PIC = NO;
				GCC_OPTIMIZATION_LEVEL = 0;
				GCC_PREPROCESSOR_DEFINITIONS = (
					"DEBUG=1",
					"$(inherited)",
				);
				GCC_SYMBOLS_PRIVATE_EXTERN = NO;
				GCC_WARN_64_TO_32_BIT_CONVERSION = YES;
				GCC_WARN_ABOUT_RETURN_TYPE = YES_ERROR;
				GCC_WARN_UNDECLARED_SELECTOR = YES;
				GCC_WARN_UNINITIALIZED_AUTOS = YES_AGGRESSIVE;
				GCC_WARN_UNUSED_FUNCTION = YES;
				GCC_WARN_UNUSED_VARIABLE = YES;
				IPHONEOS_DEPLOYMENT_TARGET = 9.3;
				ONLY_ACTIVE_ARCH = YES;
				SDKROOT = iphoneos;
				TARGETED_DEVICE_FAMILY = "1,2";
			};
			name = Debug;
		};
		6003F5BE195388D20070C39A /* Release */ = {
			isa = XCBuildConfiguration;
			buildSettings = {
				ALWAYS_SEARCH_USER_PATHS = NO;
				CLANG_CXX_LANGUAGE_STANDARD = "gnu++0x";
				CLANG_CXX_LIBRARY = "libc++";
				CLANG_ENABLE_MODULES = YES;
				CLANG_ENABLE_OBJC_ARC = YES;
				CLANG_WARN_BOOL_CONVERSION = YES;
				CLANG_WARN_CONSTANT_CONVERSION = YES;
				CLANG_WARN_DIRECT_OBJC_ISA_USAGE = YES_ERROR;
				CLANG_WARN_EMPTY_BODY = YES;
				CLANG_WARN_ENUM_CONVERSION = YES;
				CLANG_WARN_INT_CONVERSION = YES;
				CLANG_WARN_OBJC_ROOT_CLASS = YES_ERROR;
				CLANG_WARN__DUPLICATE_METHOD_MATCH = YES;
				"CODE_SIGN_IDENTITY[sdk=iphoneos*]" = "iPhone Developer";
				COPY_PHASE_STRIP = YES;
				ENABLE_NS_ASSERTIONS = NO;
				GCC_C_LANGUAGE_STANDARD = gnu99;
				GCC_WARN_64_TO_32_BIT_CONVERSION = YES;
				GCC_WARN_ABOUT_RETURN_TYPE = YES_ERROR;
				GCC_WARN_UNDECLARED_SELECTOR = YES;
				GCC_WARN_UNINITIALIZED_AUTOS = YES_AGGRESSIVE;
				GCC_WARN_UNUSED_FUNCTION = YES;
				GCC_WARN_UNUSED_VARIABLE = YES;
				IPHONEOS_DEPLOYMENT_TARGET = 9.3;
				SDKROOT = iphoneos;
				TARGETED_DEVICE_FAMILY = "1,2";
				VALIDATE_PRODUCT = YES;
			};
			name = Release;
		};
		6003F5C0195388D20070C39A /* Debug */ = {
			isa = XCBuildConfiguration;
			baseConfigurationReference = 5E6BDE14EDDBD1D7977DE708 /* Pods-OBCollection_Example.debug.xcconfig */;
			buildSettings = {
				ASSETCATALOG_COMPILER_APPICON_NAME = AppIcon;
				DEVELOPMENT_TEAM = 2PAD966A4F;
				GCC_PRECOMPILE_PREFIX_HEADER = YES;
				GCC_PREFIX_HEADER = "OBCollection/OBCollection-Prefix.pch";
				INFOPLIST_FILE = "OBCollection/OBCollection-Info.plist";
				IPHONEOS_DEPLOYMENT_TARGET = 11.0;
				MODULE_NAME = ExampleApp;
				PRODUCT_BUNDLE_IDENTIFIER = "demo.OBCollection-Example";
				PRODUCT_NAME = "$(TARGET_NAME)";
				SWIFT_VERSION = 4.0;
				TARGETED_DEVICE_FAMILY = 1;
				WRAPPER_EXTENSION = app;
			};
			name = Debug;
		};
		6003F5C1195388D20070C39A /* Release */ = {
			isa = XCBuildConfiguration;
			baseConfigurationReference = E6F208F4BBE603C7E086CCEE /* Pods-OBCollection_Example.release.xcconfig */;
			buildSettings = {
				ASSETCATALOG_COMPILER_APPICON_NAME = AppIcon;
				DEVELOPMENT_TEAM = 2PAD966A4F;
				GCC_PRECOMPILE_PREFIX_HEADER = YES;
				GCC_PREFIX_HEADER = "OBCollection/OBCollection-Prefix.pch";
				INFOPLIST_FILE = "OBCollection/OBCollection-Info.plist";
				IPHONEOS_DEPLOYMENT_TARGET = 11.0;
				MODULE_NAME = ExampleApp;
				PRODUCT_BUNDLE_IDENTIFIER = "demo.OBCollection-Example";
				PRODUCT_NAME = "$(TARGET_NAME)";
				SWIFT_VERSION = 4.0;
				TARGETED_DEVICE_FAMILY = 1;
				WRAPPER_EXTENSION = app;
			};
			name = Release;
		};
		6003F5C3195388D20070C39A /* Debug */ = {
			isa = XCBuildConfiguration;
			baseConfigurationReference = F309D6D3194453681AC61D4C /* Pods-OBCollection_Tests.debug.xcconfig */;
			buildSettings = {
				BUNDLE_LOADER = "$(TEST_HOST)";
				FRAMEWORK_SEARCH_PATHS = (
					"$(PLATFORM_DIR)/Developer/Library/Frameworks",
					"$(inherited)",
					"$(DEVELOPER_FRAMEWORKS_DIR)",
				);
				GCC_PRECOMPILE_PREFIX_HEADER = YES;
				GCC_PREFIX_HEADER = "Tests/Tests-Prefix.pch";
				GCC_PREPROCESSOR_DEFINITIONS = (
					"DEBUG=1",
					"$(inherited)",
				);
				INFOPLIST_FILE = "Tests/Tests-Info.plist";
				PRODUCT_BUNDLE_IDENTIFIER = "org.cocoapods.demo.${PRODUCT_NAME:rfc1034identifier}";
				PRODUCT_NAME = "$(TARGET_NAME)";
				SWIFT_VERSION = 4.0;
				TEST_HOST = "$(BUILT_PRODUCTS_DIR)/OBCollection_Example.app/OBCollection_Example";
				WRAPPER_EXTENSION = xctest;
			};
			name = Debug;
		};
		6003F5C4195388D20070C39A /* Release */ = {
			isa = XCBuildConfiguration;
			baseConfigurationReference = 6F6F6745A4D89F942AAE351D /* Pods-OBCollection_Tests.release.xcconfig */;
			buildSettings = {
				BUNDLE_LOADER = "$(TEST_HOST)";
				FRAMEWORK_SEARCH_PATHS = (
					"$(PLATFORM_DIR)/Developer/Library/Frameworks",
					"$(inherited)",
					"$(DEVELOPER_FRAMEWORKS_DIR)",
				);
				GCC_PRECOMPILE_PREFIX_HEADER = YES;
				GCC_PREFIX_HEADER = "Tests/Tests-Prefix.pch";
				INFOPLIST_FILE = "Tests/Tests-Info.plist";
				PRODUCT_BUNDLE_IDENTIFIER = "org.cocoapods.demo.${PRODUCT_NAME:rfc1034identifier}";
				PRODUCT_NAME = "$(TARGET_NAME)";
				SWIFT_VERSION = 4.0;
				TEST_HOST = "$(BUILT_PRODUCTS_DIR)/OBCollection_Example.app/OBCollection_Example";
				WRAPPER_EXTENSION = xctest;
			};
			name = Release;
		};
/* End XCBuildConfiguration section */

/* Begin XCConfigurationList section */
		6003F585195388D10070C39A /* Build configuration list for PBXProject "OBCollection" */ = {
			isa = XCConfigurationList;
			buildConfigurations = (
				6003F5BD195388D20070C39A /* Debug */,
				6003F5BE195388D20070C39A /* Release */,
			);
			defaultConfigurationIsVisible = 0;
			defaultConfigurationName = Release;
		};
		6003F5BF195388D20070C39A /* Build configuration list for PBXNativeTarget "OBCollection_Example" */ = {
			isa = XCConfigurationList;
			buildConfigurations = (
				6003F5C0195388D20070C39A /* Debug */,
				6003F5C1195388D20070C39A /* Release */,
			);
			defaultConfigurationIsVisible = 0;
			defaultConfigurationName = Release;
		};
		6003F5C2195388D20070C39A /* Build configuration list for PBXNativeTarget "OBCollection_Tests" */ = {
			isa = XCConfigurationList;
			buildConfigurations = (
				6003F5C3195388D20070C39A /* Debug */,
				6003F5C4195388D20070C39A /* Release */,
			);
			defaultConfigurationIsVisible = 0;
			defaultConfigurationName = Release;
		};
/* End XCConfigurationList section */
	};
	rootObject = 6003F582195388D10070C39A /* Project object */;
}
